
Microsoft Visual Studio Solution File, Format Version 12.00
# Visual Studio Version 17
VisualStudioVersion = 17.0.31903.59
MinimumVisualStudioVersion = 10.0.40219.1
Project("{2150E333-8FDC-42A3-9474-1A3956D46DE8}") = "src", "src", "{6527DF3E-F72C-4002-A59C-759DEFB883E6}"
EndProject
Project("{FAE04EC0-301F-11D3-BF4B-00C04F79EFBC}") = "PdfGenerator", "src\PdfGenerator\PdfGenerator.csproj", "{1510C880-C5F4-428B-8A67-AF030D6F53F5}"
EndProject
Project("{2150E333-8FDC-42A3-9474-1A3956D46DE8}") = "tests", "tests", "{1F797547-D0C7-4294-8078-6455C3FF827A}"
EndProject
Project("{FAE04EC0-301F-11D3-BF4B-00C04F79EFBC}") = "PdfGenerator.Tests", "tests\PdfGenerator.Tests\PdfGenerator.Tests.csproj", "{EECF02FF-D2B4-4BA5-AE79-2443423C928F}"
EndProject
Global
	GlobalSection(SolutionConfigurationPlatforms) = preSolution
		Debug|Any CPU = Debug|Any CPU
		Release|Any CPU = Release|Any CPU
	EndGlobalSection
	GlobalSection(SolutionProperties) = preSolution
		HideSolutionNode = FALSE
	EndGlobalSection
	GlobalSection(ProjectConfigurationPlatforms) = postSolution
		{1510C880-C5F4-428B-8A67-AF030D6F53F5}.Debug|Any CPU.ActiveCfg = Debug|Any CPU
		{1510C880-C5F4-428B-8A67-AF030D6F53F5}.Debug|Any CPU.Build.0 = Debug|Any CPU
		{1510C880-C5F4-428B-8A67-AF030D6F53F5}.Release|Any CPU.ActiveCfg = Release|Any CPU
		{1510C880-C5F4-428B-8A67-AF030D6F53F5}.Release|Any CPU.Build.0 = Release|Any CPU
		{EECF02FF-D2B4-4BA5-AE79-2443423C928F}.Debug|Any CPU.ActiveCfg = Debug|Any CPU
		{EECF02FF-D2B4-4BA5-AE79-2443423C928F}.Debug|Any CPU.Build.0 = Debug|Any CPU
		{EECF02FF-D2B4-4BA5-AE79-2443423C928F}.Release|Any CPU.ActiveCfg = Release|Any CPU
		{EECF02FF-D2B4-4BA5-AE79-2443423C928F}.Release|Any CPU.Build.0 = Release|Any CPU
	EndGlobalSection
	GlobalSection(NestedProjects) = preSolution
		{1510C880-C5F4-428B-8A67-AF030D6F53F5} = {6527DF3E-F72C-4002-A59C-759DEFB883E6}
		{EECF02FF-D2B4-4BA5-AE79-2443423C928F} = {1F797547-D0C7-4294-8078-6455C3FF827A}
	EndGlobalSection
EndGlobal
